// !$*UTF8*$!
{
	archiveVersion = 1;
	classes = {
	};
	objectVersion = 56;
	objects = {

/* Begin PBXBuildFile section */
		E7C062232A814A5B00B591B5 /* ES_GeneratorApp.swift in Sources */ = {isa = PBXBuildFile; fileRef = E7C062222A814A5B00B591B5 /* ES_GeneratorApp.swift */; };
		E7C062252A814A5B00B591B5 /* ContentView.swift in Sources */ = {isa = PBXBuildFile; fileRef = E7C062242A814A5B00B591B5 /* ContentView.swift */; };
		E7C062272A814A5E00B591B5 /* Assets.xcassets in Resources */ = {isa = PBXBuildFile; fileRef = E7C062262A814A5E00B591B5 /* Assets.xcassets */; };
		E7C0622A2A814A5E00B591B5 /* Preview Assets.xcassets in Resources */ = {isa = PBXBuildFile; fileRef = E7C062292A814A5E00B591B5 /* Preview Assets.xcassets */; };
		E7C062342A814A5F00B591B5 /* ES_GeneratorTests.swift in Sources */ = {isa = PBXBuildFile; fileRef = E7C062332A814A5F00B591B5 /* ES_GeneratorTests.swift */; };
		E7C0623E2A814A5F00B591B5 /* ES_GeneratorUITests.swift in Sources */ = {isa = PBXBuildFile; fileRef = E7C0623D2A814A5F00B591B5 /* ES_GeneratorUITests.swift */; };
		E7C062402A814A5F00B591B5 /* ES_GeneratorUITestsLaunchTests.swift in Sources */ = {isa = PBXBuildFile; fileRef = E7C0623F2A814A5F00B591B5 /* ES_GeneratorUITestsLaunchTests.swift */; };
/* End PBXBuildFile section */

/* Begin PBXContainerItemProxy section */
		E7C062302A814A5F00B591B5 /* PBXContainerItemProxy */ = {
			isa = PBXContainerItemProxy;
			containerPortal = E7C062172A814A5B00B591B5 /* Project object */;
			proxyType = 1;
			remoteGlobalIDString = E7C0621E2A814A5B00B591B5;
			remoteInfo = ES_Generator;
		};
		E7C0623A2A814A5F00B591B5 /* PBXContainerItemProxy */ = {
			isa = PBXContainerItemProxy;
			containerPortal = E7C062172A814A5B00B591B5 /* Project object */;
			proxyType = 1;
			remoteGlobalIDString = E7C0621E2A814A5B00B591B5;
			remoteInfo = ES_Generator;
		};
/* End PBXContainerItemProxy section */

/* Begin PBXFileReference section */
		E7C0621F2A814A5B00B591B5 /* ES_Generator.app */ = {isa = PBXFileReference; explicitFileType = wrapper.application; includeInIndex = 0; path = ES_Generator.app; sourceTree = BUILT_PRODUCTS_DIR; };
		E7C062222A814A5B00B591B5 /* ES_GeneratorApp.swift */ = {isa = PBXFileReference; lastKnownFileType = sourcecode.swift; path = ES_GeneratorApp.swift; sourceTree = "<group>"; };
		E7C062242A814A5B00B591B5 /* ContentView.swift */ = {isa = PBXFileReference; lastKnownFileType = sourcecode.swift; path = ContentView.swift; sourceTree = "<group>"; };
		E7C062262A814A5E00B591B5 /* Assets.xcassets */ = {isa = PBXFileReference; lastKnownFileType = folder.assetcatalog; path = Assets.xcassets; sourceTree = "<group>"; };
		E7C062292A814A5E00B591B5 /* Preview Assets.xcassets */ = {isa = PBXFileReference; lastKnownFileType = folder.assetcatalog; path = "Preview Assets.xcassets"; sourceTree = "<group>"; };
		E7C0622F2A814A5F00B591B5 /* ES_GeneratorTests.xctest */ = {isa = PBXFileReference; explicitFileType = wrapper.cfbundle; includeInIndex = 0; path = ES_GeneratorTests.xctest; sourceTree = BUILT_PRODUCTS_DIR; };
		E7C062332A814A5F00B591B5 /* ES_GeneratorTests.swift */ = {isa = PBXFileReference; lastKnownFileType = sourcecode.swift; path = ES_GeneratorTests.swift; sourceTree = "<group>"; };
		E7C062392A814A5F00B591B5 /* ES_GeneratorUITests.xctest */ = {isa = PBXFileReference; explicitFileType = wrapper.cfbundle; includeInIndex = 0; path = ES_GeneratorUITests.xctest; sourceTree = BUILT_PRODUCTS_DIR; };
		E7C0623D2A814A5F00B591B5 /* ES_GeneratorUITests.swift */ = {isa = PBXFileReference; lastKnownFileType = sourcecode.swift; path = ES_GeneratorUITests.swift; sourceTree = "<group>"; };
		E7C0623F2A814A5F00B591B5 /* ES_GeneratorUITestsLaunchTests.swift */ = {isa = PBXFileReference; lastKnownFileType = sourcecode.swift; path = ES_GeneratorUITestsLaunchTests.swift; sourceTree = "<group>"; };
/* End PBXFileReference section */

/* Begin PBXFrameworksBuildPhase section */
		E7C0621C2A814A5B00B591B5 /* Frameworks */ = {
			isa = PBXFrameworksBuildPhase;
			buildActionMask = 2147483647;
			files = (
			);
			runOnlyForDeploymentPostprocessing = 0;
		};
		E7C0622C2A814A5F00B591B5 /* Frameworks */ = {
			isa = PBXFrameworksBuildPhase;
			buildActionMask = 2147483647;
			files = (
			);
			runOnlyForDeploymentPostprocessing = 0;
		};
		E7C062362A814A5F00B591B5 /* Frameworks */ = {
			isa = PBXFrameworksBuildPhase;
			buildActionMask = 2147483647;
			files = (
			);
			runOnlyForDeploymentPostprocessing = 0;
		};
/* End PBXFrameworksBuildPhase section */

/* Begin PBXGroup section */
		E7C062162A814A5B00B591B5 = {
			isa = PBXGroup;
			children = (
				E7C062212A814A5B00B591B5 /* ES_Generator */,
				E7C062322A814A5F00B591B5 /* ES_GeneratorTests */,
				E7C0623C2A814A5F00B591B5 /* ES_GeneratorUITests */,
				E7C062202A814A5B00B591B5 /* Products */,
			);
			sourceTree = "<group>";
		};
		E7C062202A814A5B00B591B5 /* Products */ = {
			isa = PBXGroup;
			children = (
				E7C0621F2A814A5B00B591B5 /* ES_Generator.app */,
				E7C0622F2A814A5F00B591B5 /* ES_GeneratorTests.xctest */,
				E7C062392A814A5F00B591B5 /* ES_GeneratorUITests.xctest */,
			);
			name = Products;
			sourceTree = "<group>";
		};
		E7C062212A814A5B00B591B5 /* ES_Generator */ = {
			isa = PBXGroup;
			children = (
				E7C062222A814A5B00B591B5 /* ES_GeneratorApp.swift */,
				E7C062242A814A5B00B591B5 /* ContentView.swift */,
				E7C062262A814A5E00B591B5 /* Assets.xcassets */,
				E7C062282A814A5E00B591B5 /* Preview Content */,
			);
			path = ES_Generator;
			sourceTree = "<group>";
		};
		E7C062282A814A5E00B591B5 /* Preview Content */ = {
			isa = PBXGroup;
			children = (
				E7C062292A814A5E00B591B5 /* Preview Assets.xcassets */,
			);
			path = "Preview Content";
			sourceTree = "<group>";
		};
		E7C062322A814A5F00B591B5 /* ES_GeneratorTests */ = {
			isa = PBXGroup;
			children = (
				E7C062332A814A5F00B591B5 /* ES_GeneratorTests.swift */,
			);
			path = ES_GeneratorTests;
			sourceTree = "<group>";
		};
		E7C0623C2A814A5F00B591B5 /* ES_GeneratorUITests */ = {
			isa = PBXGroup;
			children = (
				E7C0623D2A814A5F00B591B5 /* ES_GeneratorUITests.swift */,
				E7C0623F2A814A5F00B591B5 /* ES_GeneratorUITestsLaunchTests.swift */,
			);
			path = ES_GeneratorUITests;
			sourceTree = "<group>";
		};
/* End PBXGroup section */

/* Begin PBXNativeTarget section */
		E7C0621E2A814A5B00B591B5 /* ES_Generator */ = {
			isa = PBXNativeTarget;
			buildConfigurationList = E7C062432A814A5F00B591B5 /* Build configuration list for PBXNativeTarget "ES_Generator" */;
			buildPhases = (
				E7C0621B2A814A5B00B591B5 /* Sources */,
				E7C0621C2A814A5B00B591B5 /* Frameworks */,
				E7C0621D2A814A5B00B591B5 /* Resources */,
			);
			buildRules = (
			);
			dependencies = (
			);
			name = ES_Generator;
			productName = ES_Generator;
			productReference = E7C0621F2A814A5B00B591B5 /* ES_Generator.app */;
			productType = "com.apple.product-type.application";
		};
		E7C0622E2A814A5F00B591B5 /* ES_GeneratorTests */ = {
			isa = PBXNativeTarget;
			buildConfigurationList = E7C062462A814A5F00B591B5 /* Build configuration list for PBXNativeTarget "ES_GeneratorTests" */;
			buildPhases = (
				E7C0622B2A814A5F00B591B5 /* Sources */,
				E7C0622C2A814A5F00B591B5 /* Frameworks */,
				E7C0622D2A814A5F00B591B5 /* Resources */,
			);
			buildRules = (
			);
			dependencies = (
				E7C062312A814A5F00B591B5 /* PBXTargetDependency */,
			);
			name = ES_GeneratorTests;
			productName = ES_GeneratorTests;
			productReference = E7C0622F2A814A5F00B591B5 /* ES_GeneratorTests.xctest */;
			productType = "com.apple.product-type.bundle.unit-test";
		};
		E7C062382A814A5F00B591B5 /* ES_GeneratorUITests */ = {
			isa = PBXNativeTarget;
			buildConfigurationList = E7C062492A814A5F00B591B5 /* Build configuration list for PBXNativeTarget "ES_GeneratorUITests" */;
			buildPhases = (
				E7C062352A814A5F00B591B5 /* Sources */,
				E7C062362A814A5F00B591B5 /* Frameworks */,
				E7C062372A814A5F00B591B5 /* Resources */,
			);
			buildRules = (
			);
			dependencies = (
				E7C0623B2A814A5F00B591B5 /* PBXTargetDependency */,
			);
			name = ES_GeneratorUITests;
			productName = ES_GeneratorUITests;
			productReference = E7C062392A814A5F00B591B5 /* ES_GeneratorUITests.xctest */;
			productType = "com.apple.product-type.bundle.ui-testing";
		};
/* End PBXNativeTarget section */

/* Begin PBXProject section */
		E7C062172A814A5B00B591B5 /* Project object */ = {
			isa = PBXProject;
			attributes = {
				BuildIndependentTargetsInParallel = 1;
				LastSwiftUpdateCheck = 1430;
				LastUpgradeCheck = 1430;
				TargetAttributes = {
					E7C0621E2A814A5B00B591B5 = {
						CreatedOnToolsVersion = 14.3.1;
					};
					E7C0622E2A814A5F00B591B5 = {
						CreatedOnToolsVersion = 14.3.1;
						TestTargetID = E7C0621E2A814A5B00B591B5;
					};
					E7C062382A814A5F00B591B5 = {
						CreatedOnToolsVersion = 14.3.1;
						TestTargetID = E7C0621E2A814A5B00B591B5;
					};
				};
			};
			buildConfigurationList = E7C0621A2A814A5B00B591B5 /* Build configuration list for PBXProject "ES_Generator" */;
			compatibilityVersion = "Xcode 14.0";
			developmentRegion = en;
			hasScannedForEncodings = 0;
			knownRegions = (
				en,
				Base,
			);
			mainGroup = E7C062162A814A5B00B591B5;
			productRefGroup = E7C062202A814A5B00B591B5 /* Products */;
			projectDirPath = "";
			projectRoot = "";
			targets = (
				E7C0621E2A814A5B00B591B5 /* ES_Generator */,
				E7C0622E2A814A5F00B591B5 /* ES_GeneratorTests */,
				E7C062382A814A5F00B591B5 /* ES_GeneratorUITests */,
			);
		};
/* End PBXProject section */

/* Begin PBXResourcesBuildPhase section */
		E7C0621D2A814A5B00B591B5 /* Resources */ = {
			isa = PBXResourcesBuildPhase;
			buildActionMask = 2147483647;
			files = (
				E7C0622A2A814A5E00B591B5 /* Preview Assets.xcassets in Resources */,
				E7C062272A814A5E00B591B5 /* Assets.xcassets in Resources */,
			);
			runOnlyForDeploymentPostprocessing = 0;
		};
		E7C0622D2A814A5F00B591B5 /* Resources */ = {
			isa = PBXResourcesBuildPhase;
			buildActionMask = 2147483647;
			files = (
			);
			runOnlyForDeploymentPostprocessing = 0;
		};
		E7C062372A814A5F00B591B5 /* Resources */ = {
			isa = PBXResourcesBuildPhase;
			buildActionMask = 2147483647;
			files = (
			);
			runOnlyForDeploymentPostprocessing = 0;
		};
/* End PBXResourcesBuildPhase section */

/* Begin PBXSourcesBuildPhase section */
		E7C0621B2A814A5B00B591B5 /* Sources */ = {
			isa = PBXSourcesBuildPhase;
			buildActionMask = 2147483647;
			files = (
				E7C062252A814A5B00B591B5 /* ContentView.swift in Sources */,
				E7C062232A814A5B00B591B5 /* ES_GeneratorApp.swift in Sources */,
			);
			runOnlyForDeploymentPostprocessing = 0;
		};
		E7C0622B2A814A5F00B591B5 /* Sources */ = {
			isa = PBXSourcesBuildPhase;
			buildActionMask = 2147483647;
			files = (
				E7C062342A814A5F00B591B5 /* ES_GeneratorTests.swift in Sources */,
			);
			runOnlyForDeploymentPostprocessing = 0;
		};
		E7C062352A814A5F00B591B5 /* Sources */ = {
			isa = PBXSourcesBuildPhase;
			buildActionMask = 2147483647;
			files = (
				E7C062402A814A5F00B591B5 /* ES_GeneratorUITestsLaunchTests.swift in Sources */,
				E7C0623E2A814A5F00B591B5 /* ES_GeneratorUITests.swift in Sources */,
			);
			runOnlyForDeploymentPostprocessing = 0;
		};
/* End PBXSourcesBuildPhase section */

/* Begin PBXTargetDependency section */
		E7C062312A814A5F00B591B5 /* PBXTargetDependency */ = {
			isa = PBXTargetDependency;
			target = E7C0621E2A814A5B00B591B5 /* ES_Generator */;
			targetProxy = E7C062302A814A5F00B591B5 /* PBXContainerItemProxy */;
		};
		E7C0623B2A814A5F00B591B5 /* PBXTargetDependency */ = {
			isa = PBXTargetDependency;
			target = E7C0621E2A814A5B00B591B5 /* ES_Generator */;
			targetProxy = E7C0623A2A814A5F00B591B5 /* PBXContainerItemProxy */;
		};
/* End PBXTargetDependency section */

/* Begin XCBuildConfiguration section */
		E7C062412A814A5F00B591B5 /* Debug */ = {
			isa = XCBuildConfiguration;
			buildSettings = {
				ALWAYS_SEARCH_USER_PATHS = NO;
				CLANG_ANALYZER_NONNULL = YES;
				CLANG_ANALYZER_NUMBER_OBJECT_CONVERSION = YES_AGGRESSIVE;
				CLANG_CXX_LANGUAGE_STANDARD = "gnu++20";
				CLANG_ENABLE_MODULES = YES;
				CLANG_ENABLE_OBJC_ARC = YES;
				CLANG_ENABLE_OBJC_WEAK = YES;
				CLANG_WARN_BLOCK_CAPTURE_AUTORELEASING = YES;
				CLANG_WARN_BOOL_CONVERSION = YES;
				CLANG_WARN_COMMA = YES;
				CLANG_WARN_CONSTANT_CONVERSION = YES;
				CLANG_WARN_DEPRECATED_OBJC_IMPLEMENTATIONS = YES;
				CLANG_WARN_DIRECT_OBJC_ISA_USAGE = YES_ERROR;
				CLANG_WARN_DOCUMENTATION_COMMENTS = YES;
				CLANG_WARN_EMPTY_BODY = YES;
				CLANG_WARN_ENUM_CONVERSION = YES;
				CLANG_WARN_INFINITE_RECURSION = YES;
				CLANG_WARN_INT_CONVERSION = YES;
				CLANG_WARN_NON_LITERAL_NULL_CONVERSION = YES;
				CLANG_WARN_OBJC_IMPLICIT_RETAIN_SELF = YES;
				CLANG_WARN_OBJC_LITERAL_CONVERSION = YES;
				CLANG_WARN_OBJC_ROOT_CLASS = YES_ERROR;
				CLANG_WARN_QUOTED_INCLUDE_IN_FRAMEWORK_HEADER = YES;
				CLANG_WARN_RANGE_LOOP_ANALYSIS = YES;
				CLANG_WARN_STRICT_PROTOTYPES = YES;
				CLANG_WARN_SUSPICIOUS_MOVE = YES;
				CLANG_WARN_UNGUARDED_AVAILABILITY = YES_AGGRESSIVE;
				CLANG_WARN_UNREACHABLE_CODE = YES;
				CLANG_WARN__DUPLICATE_METHOD_MATCH = YES;
				COPY_PHASE_STRIP = NO;
				DEBUG_INFORMATION_FORMAT = dwarf;
				ENABLE_STRICT_OBJC_MSGSEND = YES;
				ENABLE_TESTABILITY = YES;
				GCC_C_LANGUAGE_STANDARD = gnu11;
				GCC_DYNAMIC_NO_PIC = NO;
				GCC_NO_COMMON_BLOCKS = YES;
				GCC_OPTIMIZATION_LEVEL = 0;
				GCC_PREPROCESSOR_DEFINITIONS = (
					"DEBUG=1",
					"$(inherited)",
				);
				GCC_WARN_64_TO_32_BIT_CONVERSION = YES;
				GCC_WARN_ABOUT_RETURN_TYPE = YES_ERROR;
				GCC_WARN_UNDECLARED_SELECTOR = YES;
				GCC_WARN_UNINITIALIZED_AUTOS = YES_AGGRESSIVE;
				GCC_WARN_UNUSED_FUNCTION = YES;
				GCC_WARN_UNUSED_VARIABLE = YES;
				IPHONEOS_DEPLOYMENT_TARGET = 16.4;
				MTL_ENABLE_DEBUG_INFO = INCLUDE_SOURCE;
				MTL_FAST_MATH = YES;
				ONLY_ACTIVE_ARCH = YES;
				SDKROOT = iphoneos;
				SWIFT_ACTIVE_COMPILATION_CONDITIONS = DEBUG;
				SWIFT_OPTIMIZATION_LEVEL = "-Onone";
			};
			name = Debug;
		};
		E7C062422A814A5F00B591B5 /* Release */ = {
			isa = XCBuildConfiguration;
			buildSettings = {
				ALWAYS_SEARCH_USER_PATHS = NO;
				CLANG_ANALYZER_NONNULL = YES;
				CLANG_ANALYZER_NUMBER_OBJECT_CONVERSION = YES_AGGRESSIVE;
				CLANG_CXX_LANGUAGE_STANDARD = "gnu++20";
				CLANG_ENABLE_MODULES = YES;
				CLANG_ENABLE_OBJC_ARC = YES;
				CLANG_ENABLE_OBJC_WEAK = YES;
				CLANG_WARN_BLOCK_CAPTURE_AUTORELEASING = YES;
				CLANG_WARN_BOOL_CONVERSION = YES;
				CLANG_WARN_COMMA = YES;
				CLANG_WARN_CONSTANT_CONVERSION = YES;
				CLANG_WARN_DEPRECATED_OBJC_IMPLEMENTATIONS = YES;
				CLANG_WARN_DIRECT_OBJC_ISA_USAGE = YES_ERROR;
				CLANG_WARN_DOCUMENTATION_COMMENTS = YES;
				CLANG_WARN_EMPTY_BODY = YES;
				CLANG_WARN_ENUM_CONVERSION = YES;
				CLANG_WARN_INFINITE_RECURSION = YES;
				CLANG_WARN_INT_CONVERSION = YES;
				CLANG_WARN_NON_LITERAL_NULL_CONVERSION = YES;
				CLANG_WARN_OBJC_IMPLICIT_RETAIN_SELF = YES;
				CLANG_WARN_OBJC_LITERAL_CONVERSION = YES;
				CLANG_WARN_OBJC_ROOT_CLASS = YES_ERROR;
				CLANG_WARN_QUOTED_INCLUDE_IN_FRAMEWORK_HEADER = YES;
				CLANG_WARN_RANGE_LOOP_ANALYSIS = YES;
				CLANG_WARN_STRICT_PROTOTYPES = YES;
				CLANG_WARN_SUSPICIOUS_MOVE = YES;
				CLANG_WARN_UNGUARDED_AVAILABILITY = YES_AGGRESSIVE;
				CLANG_WARN_UNREACHABLE_CODE = YES;
				CLANG_WARN__DUPLICATE_METHOD_MATCH = YES;
				COPY_PHASE_STRIP = NO;
				DEBUG_INFORMATION_FORMAT = "dwarf-with-dsym";
				ENABLE_NS_ASSERTIONS = NO;
				ENABLE_STRICT_OBJC_MSGSEND = YES;
				GCC_C_LANGUAGE_STANDARD = gnu11;
				GCC_NO_COMMON_BLOCKS = YES;
				GCC_WARN_64_TO_32_BIT_CONVERSION = YES;
				GCC_WARN_ABOUT_RETURN_TYPE = YES_ERROR;
				GCC_WARN_UNDECLARED_SELECTOR = YES;
				GCC_WARN_UNINITIALIZED_AUTOS = YES_AGGRESSIVE;
				GCC_WARN_UNUSED_FUNCTION = YES;
				GCC_WARN_UNUSED_VARIABLE = YES;
				IPHONEOS_DEPLOYMENT_TARGET = 16.4;
				MTL_ENABLE_DEBUG_INFO = NO;
				MTL_FAST_MATH = YES;
				SDKROOT = iphoneos;
				SWIFT_COMPILATION_MODE = wholemodule;
				SWIFT_OPTIMIZATION_LEVEL = "-O";
				VALIDATE_PRODUCT = YES;
			};
			name = Release;
		};
		E7C062442A814A5F00B591B5 /* Debug */ = {
			isa = XCBuildConfiguration;
			buildSettings = {
				ASSETCATALOG_COMPILER_APPICON_NAME = AppIcon;
				ASSETCATALOG_COMPILER_GLOBAL_ACCENT_COLOR_NAME = AccentColor;
				CODE_SIGN_STYLE = Automatic;
				CURRENT_PROJECT_VERSION = 1;
				DEVELOPMENT_ASSET_PATHS = "\"ES_Generator/Preview Content\"";
				DEVELOPMENT_TEAM = 884XDT3KSH;
				ENABLE_PREVIEWS = YES;
				GENERATE_INFOPLIST_FILE = YES;
				INFOPLIST_KEY_UIApplicationSceneManifest_Generation = YES;
				INFOPLIST_KEY_UIApplicationSupportsIndirectInputEvents = YES;
				INFOPLIST_KEY_UILaunchScreen_Generation = YES;
				INFOPLIST_KEY_UISupportedInterfaceOrientations_iPad = "UIInterfaceOrientationPortrait UIInterfaceOrientationPortraitUpsideDown UIInterfaceOrientationLandscapeLeft UIInterfaceOrientationLandscapeRight";
				INFOPLIST_KEY_UISupportedInterfaceOrientations_iPhone = "UIInterfaceOrientationPortrait UIInterfaceOrientationLandscapeLeft UIInterfaceOrientationLandscapeRight";
				LD_RUNPATH_SEARCH_PATHS = (
					"$(inherited)",
					"@executable_path/Frameworks",
				);
				MARKETING_VERSION = 1.0;
				PRODUCT_BUNDLE_IDENTIFIER = "KokiKouki.ES-Generator";
				PRODUCT_NAME = "$(TARGET_NAME)";
				SWIFT_EMIT_LOC_STRINGS = YES;
				SWIFT_VERSION = 5.0;
				TARGETED_DEVICE_FAMILY = "1,2";
			};
			name = Debug;
		};
		E7C062452A814A5F00B591B5 /* Release */ = {
			isa = XCBuildConfiguration;
			buildSettings = {
				ASSETCATALOG_COMPILER_APPICON_NAME = AppIcon;
				ASSETCATALOG_COMPILER_GLOBAL_ACCENT_COLOR_NAME = AccentColor;
				CODE_SIGN_STYLE = Automatic;
				CURRENT_PROJECT_VERSION = 1;
				DEVELOPMENT_ASSET_PATHS = "\"ES_Generator/Preview Content\"";
				DEVELOPMENT_TEAM = 884XDT3KSH;
				ENABLE_PREVIEWS = YES;
				GENERATE_INFOPLIST_FILE = YES;
				INFOPLIST_KEY_UIApplicationSceneManifest_Generation = YES;
				INFOPLIST_KEY_UIApplicationSupportsIndirectInputEvents = YES;
				INFOPLIST_KEY_UILaunchScreen_Generation = YES;
				INFOPLIST_KEY_UISupportedInterfaceOrientations_iPad = "UIInterfaceOrientationPortrait UIInterfaceOrientationPortraitUpsideDown UIInterfaceOrientationLandscapeLeft UIInterfaceOrientationLandscapeRight";
				INFOPLIST_KEY_UISupportedInterfaceOrientations_iPhone = "UIInterfaceOrientationPortrait UIInterfaceOrientationLandscapeLeft UIInterfaceOrientationLandscapeRight";
				LD_RUNPATH_SEARCH_PATHS = (
					"$(inherited)",
					"@executable_path/Frameworks",
				);
				MARKETING_VERSION = 1.0;
				PRODUCT_BUNDLE_IDENTIFIER = "KokiKouki.ES-Generator";
				PRODUCT_NAME = "$(TARGET_NAME)";
				SWIFT_EMIT_LOC_STRINGS = YES;
				SWIFT_VERSION = 5.0;
				TARGETED_DEVICE_FAMILY = "1,2";
			};
			name = Release;
		};
		E7C062472A814A5F00B591B5 /* Debug */ = {
			isa = XCBuildConfiguration;
			buildSettings = {
				ALWAYS_EMBED_SWIFT_STANDARD_LIBRARIES = YES;
				BUNDLE_LOADER = "$(TEST_HOST)";
				CODE_SIGN_STYLE = Automatic;
				CURRENT_PROJECT_VERSION = 1;
				DEVELOPMENT_TEAM = 884XDT3KSH;
				GENERATE_INFOPLIST_FILE = YES;
				IPHONEOS_DEPLOYMENT_TARGET = 16.4;
				MARKETING_VERSION = 1.0;
				PRODUCT_BUNDLE_IDENTIFIER = "KokiKouki.ES-GeneratorTests";
				PRODUCT_NAME = "$(TARGET_NAME)";
				SWIFT_EMIT_LOC_STRINGS = NO;
				SWIFT_VERSION = 5.0;
				TARGETED_DEVICE_FAMILY = "1,2";
				TEST_HOST = "$(BUILT_PRODUCTS_DIR)/ES_Generator.app/$(BUNDLE_EXECUTABLE_FOLDER_PATH)/ES_Generator";
			};
			name = Debug;
		};
		E7C062482A814A5F00B591B5 /* Release */ = {
			isa = XCBuildConfiguration;
			buildSettings = {
				ALWAYS_EMBED_SWIFT_STANDARD_LIBRARIES = YES;
				BUNDLE_LOADER = "$(TEST_HOST)";
				CODE_SIGN_STYLE = Automatic;
				CURRENT_PROJECT_VERSION = 1;
				DEVELOPMENT_TEAM = 884XDT3KSH;
				GENERATE_INFOPLIST_FILE = YES;
				IPHONEOS_DEPLOYMENT_TARGET = 16.4;
				MARKETING_VERSION = 1.0;
				PRODUCT_BUNDLE_IDENTIFIER = "KokiKouki.ES-GeneratorTests";
				PRODUCT_NAME = "$(TARGET_NAME)";
				SWIFT_EMIT_LOC_STRINGS = NO;
				SWIFT_VERSION = 5.0;
				TARGETED_DEVICE_FAMILY = "1,2";
				TEST_HOST = "$(BUILT_PRODUCTS_DIR)/ES_Generator.app/$(BUNDLE_EXECUTABLE_FOLDER_PATH)/ES_Generator";
			};
			name = Release;
		};
		E7C0624A2A814A5F00B591B5 /* Debug */ = {
			isa = XCBuildConfiguration;
			buildSettings = {
				ALWAYS_EMBED_SWIFT_STANDARD_LIBRARIES = YES;
				CODE_SIGN_STYLE = Automatic;
				CURRENT_PROJECT_VERSION = 1;
				DEVELOPMENT_TEAM = 884XDT3KSH;
				GENERATE_INFOPLIST_FILE = YES;
				MARKETING_VERSION = 1.0;
				PRODUCT_BUNDLE_IDENTIFIER = "KokiKouki.ES-GeneratorUITests";
				PRODUCT_NAME = "$(TARGET_NAME)";
				SWIFT_EMIT_LOC_STRINGS = NO;
				SWIFT_VERSION = 5.0;
				TARGETED_DEVICE_FAMILY = "1,2";
				TEST_TARGET_NAME = ES_Generator;
			};
			name = Debug;
		};
		E7C0624B2A814A5F00B591B5 /* Release */ = {
			isa = XCBuildConfiguration;
			buildSettings = {
				ALWAYS_EMBED_SWIFT_STANDARD_LIBRARIES = YES;
				CODE_SIGN_STYLE = Automatic;
				CURRENT_PROJECT_VERSION = 1;
				DEVELOPMENT_TEAM = 884XDT3KSH;
				GENERATE_INFOPLIST_FILE = YES;
				MARKETING_VERSION = 1.0;
				PRODUCT_BUNDLE_IDENTIFIER = "KokiKouki.ES-GeneratorUITests";
				PRODUCT_NAME = "$(TARGET_NAME)";
				SWIFT_EMIT_LOC_STRINGS = NO;
				SWIFT_VERSION = 5.0;
				TARGETED_DEVICE_FAMILY = "1,2";
				TEST_TARGET_NAME = ES_Generator;
			};
			name = Release;
		};
/* End XCBuildConfiguration section */

/* Begin XCConfigurationList section */
		E7C0621A2A814A5B00B591B5 /* Build configuration list for PBXProject "ES_Generator" */ = {
			isa = XCConfigurationList;
			buildConfigurations = (
				E7C062412A814A5F00B591B5 /* Debug */,
				E7C062422A814A5F00B591B5 /* Release */,
			);
			defaultConfigurationIsVisible = 0;
			defaultConfigurationName = Release;
		};
		E7C062432A814A5F00B591B5 /* Build configuration list for PBXNativeTarget "ES_Generator" */ = {
			isa = XCConfigurationList;
			buildConfigurations = (
				E7C062442A814A5F00B591B5 /* Debug */,
				E7C062452A814A5F00B591B5 /* Release */,
			);
			defaultConfigurationIsVisible = 0;
			defaultConfigurationName = Release;
		};
		E7C062462A814A5F00B591B5 /* Build configuration list for PBXNativeTarget "ES_GeneratorTests" */ = {
			isa = XCConfigurationList;
			buildConfigurations = (
				E7C062472A814A5F00B591B5 /* Debug */,
				E7C062482A814A5F00B591B5 /* Release */,
			);
			defaultConfigurationIsVisible = 0;
			defaultConfigurationName = Release;
		};
		E7C062492A814A5F00B591B5 /* Build configuration list for PBXNativeTarget "ES_GeneratorUITests" */ = {
			isa = XCConfigurationList;
			buildConfigurations = (
				E7C0624A2A814A5F00B591B5 /* Debug */,
				E7C0624B2A814A5F00B591B5 /* Release */,
			);
			defaultConfigurationIsVisible = 0;
			defaultConfigurationName = Release;
		};
/* End XCConfigurationList section */
	};
	rootObject = E7C062172A814A5B00B591B5 /* Project object */;
}
